{
  "requires": true,
  "lockfileVersion": 1,
  "dependencies": {
    "@types/google-apps-script": {
      "version": "1.0.32",
      "resolved": "https://registry.npmjs.org/@types/google-apps-script/-/google-apps-script-1.0.32.tgz",
      "integrity": "sha512-8oo+QXk3a4RWeYMzuw9335GE4SXJrVNya8zYiaWkG81hJYD95Ha3oIazqknFnZQ2q/P5iCijURXS+DXHXAifKg=="
    }
  }
}
